PODS:
  - couchbase-lite-ios (1.4.1):
    - couchbase-lite-ios/SQLite (= 1.4.1)
  - couchbase-lite-ios/SQLCipher (1.4.1)
  - couchbase-lite-ios/SQLite (1.4.1)

DEPENDENCIES:
  - couchbase-lite-ios (~> 1.4.1)
  - couchbase-lite-ios/SQLCipher (= 1.4.1)

SPEC CHECKSUMS:
  couchbase-lite-ios: 7c875538a0fc55a7e9744edb4e89c23737686230

PODFILE CHECKSUM: 755f8861dbe280e4e8a28b0b6ce0dbec55f02c49

COCOAPODS: 1.2.0
